DEPENDENCIES
  aptly
    git: git@github.com:skottler/aptly.git
    revision: 4be943dc19445481780a6e458b6d29b9aa90c912
    ref: fix_see
  bprobe
    git: git@github.com:boundary/bprobe_cookbook.git
    revision: 61fec6bc9873b09129f1e86b1e7ecf4c6b97ebd9
  collectd
    git: git@github.com:librato/collectd-cookbook.git
    revision: bb26f55d7747f0f6e7de93c198161b0613fe62eb
  collectd-librato
    git: git@github.com:librato/collectd-librato-cookbook.git
    revision: af04f6d0eded1aad02eada59e38d4a6294c66d3c
  collectd_plugins
    git: git@github.com:skottler/chef-collectd_plugins.git
    revision: 4cbc90f319096f9c845e5f07f60c78483eeeecac
  dnsimple
    path: cookbooks/dnsimple
  duo-security
    git: git@github.com:skottler/chef-duo-security
    revision: 1ddec64f0798d91cf0ab1a8dd8831fb0f6694556
  rubygems
    path: cookbooks/rubygems
  rubygems-app
    path: cookbooks/rubygems-app
  rubygems-apt
    path: cookbooks/rubygems-apt
  rubygems-backups
    path: cookbooks/rubygems-backups
  rubygems-balancer
    path: cookbooks/rubygems-balancer
  rubygems-bastion
    path: cookbooks/rubygems-bastion
  rubygems-cache
    path: cookbooks/rubygems-cache
  rubygems-chef
    path: cookbooks/rubygems-chef
  rubygems-ci
    path: cookbooks/rubygems-ci
  rubygems-cloud-init
    path: cookbooks/rubygems-cloud-init
  rubygems-database
    path: cookbooks/rubygems-database
  rubygems-fail2ban
    path: cookbooks/rubygems-fail2ban
  rubygems-hostname
    path: cookbooks/rubygems-hostname
  rubygems-hosts
    path: cookbooks/rubygems-hosts
  rubygems-logging
    path: cookbooks/rubygems-logging
  rubygems-metrics
    path: cookbooks/rubygems-metrics
  rubygems-monitoring
    path: cookbooks/rubygems-monitoring
  rubygems-motd
    path: cookbooks/rubygems-motd
  rubygems-ntp
    path: cookbooks/rubygems-ntp
  rubygems-people
    path: cookbooks/rubygems-people
  rubygems-redis
    path: cookbooks/rubygems-redis
  rubygems-repo
    path: cookbooks/rubygems-repo
  rubygems-ruby
    path: cookbooks/rubygems-ruby
  rubygems-sensu
    path: cookbooks/rubygems-sensu
  rubygems-ssh
    path: cookbooks/rubygems-ssh
  rubygems-utility
    path: cookbooks/rubygems-utility

GRAPH
  apache2 (2.0.0)
    iptables (>= 0.0.0)
    logrotate (>= 0.0.0)
    pacman (>= 0.0.0)
  apt (2.5.2)
  aptly (0.2.1)
    apt (>= 0.0.0)
  aws (2.4.0)
  bprobe (0.2.0)
    apt (>= 0.0.0)
    yum (<= 2.4.4)
  build-essential (2.0.6)
  chef-client (3.7.0)
    cron (>= 1.2.0)
    logrotate (>= 1.2.0)
  chef-sugar (2.0.0)
  chef-vault (1.1.2)
  chef_handler (1.1.6)
  collectd (1.0.5)
    apache2 (>= 0.0.0)
  collectd-librato (0.0.5)
    collectd (>= 0.0.0)
    git (>= 0.0.0)
  collectd_plugins (1.1.0)
    collectd (>= 0.0.0)
  cpan (0.0.32)
  cron (1.4.0)
  database (2.3.0)
    aws (>= 0.0.0)
    mysql (>= 5.0.0)
    mysql-chef_gem (>= 0.0.0)
    postgresql (>= 1.0.0)
    xfs (>= 0.0.0)
  dmg (2.2.0)
  dnsimple (0.5.5)
  duo-security (0.1.1)
    build-essential (>= 0.0.0)
    openssh (>= 0.0.0)
  erlang (1.3.6)
    apt (>= 1.7.0)
    build-essential (>= 0.0.0)
    yum (< 3.0.0)
  fail2ban (2.0.4)
    yum (< 3.0.0)
  git (2.8.4)
    build-essential (>= 0.0.0)
    dmg (>= 0.0.0)
    runit (>= 1.0.0)
    windows (>= 0.0.0)
    yum (< 3.0.0)
  hostname (0.3.0)
    hostsfile (>= 0.0.0)
  hostsfile (2.4.5)
  iptables (0.13.2)
  java (1.26.0)
  jenkins (1.2.2)
    apache2 (>= 0.0.0)
    apt (>= 0.0.0)
    iptables (>= 0.0.0)
    java (>= 0.0.0)
    nginx (>= 0.0.0)
    runit (>= 1.0.0)
    yum (>= 0.0.0)
  logrotate (1.6.0)
  memcached (1.6.6)
    runit (~> 1.0)
    yum (< 3.0.0)
  motd (0.5.0)
    chef_handler (>= 0.0.0)
  mysql (5.2.12)
  mysql-chef_gem (0.0.2)
    build-essential (>= 0.0.0)
    mysql (>= 0.0.0)
  nginx (1.8.0)
    apt (>= 0.0.0)
    build-essential (>= 0.0.0)
    ohai (>= 1.1.4)
    runit (>= 0.0.0)
    yum (>= 0.0.0)
  nodejs (1.3.0)
    apt (>= 0.0.0)
    build-essential (>= 0.0.0)
    yum (>= 0.0.0)
  ntp (1.6.4)
  ohai (2.0.1)
  omnibus_updater (1.0.0)
  openssh (1.3.4)
    iptables (>= 0.0.0)
  openssl (2.0.0)
    chef-sugar (>= 0.0.0)
  pacman (1.1.1)
  postfix (3.2.0)
  postgresql (3.4.1)
    apt (>= 1.9.0)
    build-essential (>= 0.0.0)
    openssl (>= 0.0.0)
  rabbitmq (3.3.0)
    erlang (>= 0.9)
  redisio (1.7.1)
    ulimit (>= 0.1.2)
  rsyslog (1.12.2)
  rubygems (0.0.27)
    ohai (>= 0.0.0)
    rubygems-apt (>= 0.0.0)
    rubygems-chef (>= 0.0.0)
    rubygems-cloud-init (>= 0.0.0)
    rubygems-hostname (>= 0.0.0)
    rubygems-hosts (>= 0.0.0)
    rubygems-logging (>= 0.0.0)
    rubygems-metrics (>= 0.0.0)
    rubygems-motd (>= 0.0.0)
    rubygems-ntp (>= 0.0.0)
    rubygems-people (>= 0.0.0)
    rubygems-sensu (>= 0.0.0)
    rubygems-ssh (>= 0.0.0)
    rubygems-utility (>= 0.0.0)
  rubygems-app (0.0.31)
    apt (>= 0.0.0)
    chef-vault (>= 0.0.0)
    git (>= 0.0.0)
    nginx (>= 0.0.0)
    nodejs (>= 0.0.0)
    postfix (= 3.2.0)
    rubygems (>= 0.0.0)
    rubygems-ruby (>= 0.0.0)
    runit (>= 0.0.0)
    unicorn (>= 0.0.0)
    user (>= 0.0.0)
  rubygems-apt (0.0.15)
    apt (>= 0.0.0)
  rubygems-backups (0.0.19)
    chef-vault (>= 0.0.0)
    rubygems-ruby (>= 0.0.0)
  rubygems-balancer (0.0.39)
    chef-vault (>= 0.0.0)
    logrotate (>= 0.0.0)
    nginx (>= 0.0.0)
    rubygems (>= 0.0.0)
  rubygems-bastion (0.0.10)
    chef-vault (>= 0.0.0)
    duo-security (>= 0.0.0)
    rubygems (>= 0.0.0)
    rubygems-fail2ban (>= 0.0.0)
    rubygems-ruby (>= 0.0.0)
  rubygems-cache (0.0.3)
    memcached (>= 0.0.0)
    rubygems (>= 0.0.0)
    rubygems-sensu (>= 0.0.0)
  rubygems-chef (0.0.32)
    chef-client (>= 0.0.0)
    chef-vault (>= 0.0.0)
    omnibus_updater (>= 0.0.0)
  rubygems-ci (0.0.10)
    chef-vault (>= 0.0.0)
    dnsimple (>= 0.0.0)
    jenkins (>= 0.0.0)
    nginx (>= 0.0.0)
    rubygems (>= 0.0.0)
  rubygems-cloud-init (0.0.2)
  rubygems-database (0.0.28)
    chef-vault (>= 0.0.0)
    database (>= 0.0.0)
    postgresql (>= 0.0.0)
    rubygems (>= 0.0.0)
    rubygems-backups (>= 0.0.0)
    rubygems-metrics (>= 0.0.0)
  rubygems-fail2ban (0.0.3)
    fail2ban (>= 0.0.0)
  rubygems-hostname (0.1.14)
    chef-vault (>= 0.0.0)
    dnsimple (>= 0.0.0)
    hostname (>= 0.0.0)
  rubygems-hosts (0.0.8)
  rubygems-logging (0.0.6)
    chef-vault (>= 0.0.0)
    rsyslog (>= 0.0.0)
  rubygems-metrics (0.0.8)
    chef-vault (>= 0.0.0)
    collectd (>= 0.0.0)
    collectd-librato (>= 0.0.0)
    collectd_plugins (>= 0.0.0)
  rubygems-monitoring (0.0.14)
    chef-vault (>= 0.0.0)
    cpan (>= 0.0.0)
    dnsimple (>= 0.0.0)
    nginx (>= 0.0.0)
    rubygems (>= 0.0.0)
    rubygems-sensu (>= 0.0.0)
  rubygems-motd (0.0.9)
    motd (>= 0.0.0)
  rubygems-ntp (0.0.3)
    ntp (>= 0.0.0)
  rubygems-people (0.0.29)
    sudo (>= 0.0.0)
    user (>= 0.0.0)
  rubygems-redis (0.0.5)
    redisio (>= 0.0.0)
    rubygems (>= 0.0.0)
    rubygems-backups (>= 0.0.0)
    sysctl (>= 0.0.0)
  rubygems-repo (0.0.26)
    aptly (>= 0.0.0)
    nginx (>= 0.0.0)
    rubygems (>= 0.0.0)
  rubygems-ruby (0.0.3)
  rubygems-sensu (0.1.4)
    build-essential (>= 0.0.0)
    chef-vault (>= 0.0.0)
    cpan (>= 0.0.0)
    sensu (= 2.1.0)
    uchiwa (>= 0.0.0)
  rubygems-ssh (0.0.5)
    openssh (>= 0.0.0)
  rubygems-utility (0.0.8)
    apt (>= 0.0.0)
  runit (1.4.6)
    build-essential (>= 0.0.0)
    yum (< 3.0.0)
  sensu (2.1.0)
    apt (>= 0.0.0)
    rabbitmq (>= 2.0.0)
    redisio (>= 1.7.0)
    windows (>= 1.8.8)
    yum (>= 0.0.0)
  sudo (2.7.0)
  sysctl (0.6.0)
    ohai (>= 0.0.0)
  uchiwa (0.5.0)
    apt (>= 0.0.0)
    nodejs (>= 0.0.0)
    yum (>= 0.0.0)
  ulimit (0.3.2)
  unicorn (2.0.0)
  user (0.3.0)
  windows (1.34.2)
    chef_handler (>= 0.0.0)
  xfs (1.1.0)
  yum (2.4.4)
