DEPENDENCIES
  rubygems
    path: cookbooks/rubygems
  rubygems-balancer
    path: cookbooks/rubygems-balancer

GRAPH
  apt (2.4.0)
  bluepill (2.3.1)
    rsyslog (>= 0.0.0)
  build-essential (2.0.2)
  curl (2.0.0)
  htop (1.2.0)
    yum (>= 0.0.0)
  nginx (2.7.2)
    apt (~> 2.2)
    bluepill (~> 2.3)
    build-essential (~> 2.0)
    ohai (~> 2.0)
    runit (~> 1.2)
    yum-epel (~> 0.3)
  ntp (1.6.2)
  ohai (2.0.0)
  rsyslog (1.12.2)
  rubygems (0.0.0)
    curl (>= 0.0.0)
    htop (>= 0.0.0)
    ntp (>= 0.0.0)
  rubygems-balancer (0.0.0)
    nginx (>= 0.0.0)
  runit (1.5.10)
    build-essential (>= 0.0.0)
    yum (~> 3.0)
    yum-epel (>= 0.0.0)
  yum (3.2.0)
  yum-epel (0.3.6)
    yum (~> 3.0)
