DEPENDENCIES
  chef_handler
  chef_nginx (= 3.0.0)
  dns
    path: cookbooks/dns
  dnsimple
    path: cookbooks/dnsimple
  redisio (~> 1.0)
  rubygems-app
    path: cookbooks/rubygems-app
  rubygems-apt
    path: cookbooks/rubygems-apt
  rubygems-auth-proxy
    path: cookbooks/rubygems-auth-proxy
  rubygems-backups
    path: cookbooks/rubygems-backups
  rubygems-balancer
    path: cookbooks/rubygems-balancer
  rubygems-base
    path: cookbooks/rubygems-base
  rubygems-chef
    path: cookbooks/rubygems-chef
  rubygems-chef-server
    path: cookbooks/rubygems-chef-server
  rubygems-cloud-init
    path: cookbooks/rubygems-cloud-init
  rubygems-database
    path: cookbooks/rubygems-database
  rubygems-fail2ban
    path: cookbooks/rubygems-fail2ban
  rubygems-hostname
    path: cookbooks/rubygems-hostname
  rubygems-hosts
    path: cookbooks/rubygems-hosts
  rubygems-logging
    path: cookbooks/rubygems-logging
  rubygems-motd
    path: cookbooks/rubygems-motd
  rubygems-ntp
    path: cookbooks/rubygems-ntp
  rubygems-people
    path: cookbooks/rubygems-people
  rubygems-ruby
    path: cookbooks/rubygems-ruby
  rubygems-sensu
    path: cookbooks/rubygems-sensu
  rubygems-shipit
    path: cookbooks/rubygems-shipit
  rubygems-ssh
    path: cookbooks/rubygems-ssh
  rubygems-utility
    path: cookbooks/rubygems-utility

GRAPH
  7-zip (1.0.2)
    windows (>= 1.2.2)
  apt (4.0.2)
    compat_resource (>= 12.10)
  ark (0.9.0)
    7-zip (>= 0.0.0)
    windows (>= 0.0.0)
  build-essential (7.0.2)
    compat_resource (>= 12.14)
    mingw (>= 1.1)
    seven_zip (>= 0.0.0)
  chef-client (7.0.3)
    cron (>= 1.7.0)
    logrotate (>= 1.9.0)
    windows (>= 1.42.0)
  chef-ingredient (0.19.0)
  chef-server (5.0.1)
    chef-ingredient (>= 0.18.0)
  chef-sugar (3.4.0)
  chef-vault (1.3.2)
  chef_handler (1.4.0)
  chef_nginx (3.0.0)
    apt (>= 2.9.1)
    build-essential (>= 0.0.0)
    ohai (>= 4.1.0)
    runit (>= 1.6.0)
    yum (>= 0.0.0)
    yum-epel (>= 0.0.0)
    zypper (>= 0.0.0)
  compat_resource (12.16.2)
  cron (3.0.0)
  datadog (2.7.0)
    apt (>= 0.0.0)
    chef_handler (~> 1.1)
    windows (>= 0.0.0)
    yum (>= 3.0)
  dmg (2.4.0)
  dns (0.0.4)
    dnsimple (>= 0.0.0)
    route53 (>= 0.0.0)
  dnsimple (0.5.10)
    build-essential (>= 0.0.0)
  erlang (2.0.0)
    apt (>= 1.7.0)
    build-essential (>= 0.0.0)
    yum (~> 3.0)
    yum-epel (>= 0.0.0)
    yum-erlang_solutions (>= 0.0.0)
  fail2ban (2.3.0)
    yum-epel (>= 0.0.0)
  git (4.6.0)
    build-essential (>= 0.0.0)
    dmg (>= 0.0.0)
    windows (>= 0.0.0)
    yum-epel (>= 0.0.0)
  homebrew (2.1.2)
    build-essential (>= 2.1.2)
  hostname (0.3.0)
    hostsfile (>= 0.0.0)
  hostsfile (2.4.5)
  iptables (2.2.0)
  logrotate (1.9.2)
  mingw (1.2.4)
    compat_resource (>= 0.0.0)
    seven_zip (>= 0.0.0)
  motd (0.6.4)
    chef_handler (>= 0.0.0)
  nodejs (2.4.4)
    apt (>= 0.0.0)
    ark (>= 0.0.0)
    build-essential (>= 0.0.0)
    homebrew (>= 0.0.0)
    yum-epel (>= 0.0.0)
  ntp (3.2.0)
  ohai (4.2.0)
    compat_resource (>= 12.10)
  omnibus_updater (1.0.6)
  openssh (1.5.2)
    iptables (>= 0.0.0)
  openssl (4.4.0)
    chef-sugar (>= 3.1.1)
  packagecloud (0.2.5)
  postgresql (3.4.24)
    apt (>= 1.9.0)
    build-essential (>= 0.0.0)
    openssl (~> 4.0)
  rabbitmq (3.12.0)
    erlang (>= 0.9)
    yum-epel (>= 0.0.0)
    yum-erlang_solutions (>= 0.0.0)
  redisio (1.7.1)
    ulimit (>= 0.1.2)
  route53 (0.4.4)
    xml (>= 0.0.0)
  rsyslog (2.2.0)
  rubygems-app (0.0.95)
    apt (>= 0.0.0)
    chef-vault (>= 0.0.0)
    chef_nginx (~> 3.0.0)
    datadog (>= 0.0.0)
    git (>= 0.0.0)
    logrotate (>= 0.0.0)
    nodejs (>= 0.0.0)
    rubygems-base (>= 0.0.0)
    rubygems-people (>= 0.0.0)
    rubygems-ruby (>= 0.0.0)
    runit (>= 0.0.0)
    sudo (>= 0.0.0)
    unicorn (>= 0.0.0)
    user (>= 0.0.0)
  rubygems-apt (0.0.23)
    apt (>= 0.0.0)
  rubygems-auth-proxy (0.0.9)
    ark (>= 0.0.0)
    chef-vault (>= 0.0.0)
    chef_nginx (~> 3.0.0)
    runit (>= 0.0.0)
  rubygems-backups (0.0.28)
    chef-vault (>= 0.0.0)
    cron (>= 0.0.0)
    rubygems-ruby (>= 0.0.0)
  rubygems-balancer (0.0.110)
    chef-vault (>= 0.0.0)
    chef_nginx (~> 3.0.0)
    datadog (>= 0.0.0)
    logrotate (>= 0.0.0)
    rubygems-base (>= 0.0.0)
    rubygems-people (>= 0.0.0)
  rubygems-base (0.0.44)
    chef-vault (>= 0.0.0)
    datadog (>= 0.0.0)
    ohai (>= 0.0.0)
    rubygems-apt (>= 0.0.0)
    rubygems-chef (>= 0.0.0)
    rubygems-cloud-init (>= 0.0.0)
    rubygems-hostname (>= 0.0.0)
    rubygems-hosts (>= 0.0.0)
    rubygems-logging (>= 0.0.0)
    rubygems-motd (>= 0.0.0)
    rubygems-ntp (>= 0.0.0)
    rubygems-people (>= 0.0.0)
    rubygems-ruby (>= 0.0.0)
    rubygems-sensu (>= 0.0.0)
    rubygems-ssh (>= 0.0.0)
    rubygems-utility (>= 0.0.0)
  rubygems-chef (0.0.53)
    chef-client (>= 0.0.0)
    chef-vault (>= 0.0.0)
    omnibus_updater (>= 0.0.0)
  rubygems-chef-server (0.0.11)
    chef-server (>= 0.0.0)
    chef-vault (>= 0.0.0)
  rubygems-cloud-init (0.0.2)
  rubygems-database (0.0.51)
    chef-vault (>= 0.0.0)
    datadog (>= 0.0.0)
    postgresql (>= 0.0.0)
    rubygems-backups (>= 0.0.0)
    rubygems-base (>= 0.0.0)
  rubygems-fail2ban (0.0.3)
    fail2ban (>= 0.0.0)
  rubygems-hostname (0.1.20)
    chef-vault (>= 0.0.0)
    dns (>= 0.0.0)
    hostname (>= 0.0.0)
  rubygems-hosts (0.0.10)
  rubygems-logging (0.0.103)
    chef-vault (>= 0.0.0)
    rsyslog (>= 0.0.0)
  rubygems-motd (0.0.9)
    motd (>= 0.0.0)
  rubygems-ntp (0.0.3)
    ntp (>= 0.0.0)
  rubygems-people (0.0.44)
    sudo (>= 0.0.0)
    user (>= 0.0.0)
  rubygems-ruby (0.0.8)
    apt (>= 0.0.0)
  rubygems-sensu (0.1.66)
    build-essential (>= 0.0.0)
    chef-vault (>= 0.0.0)
    dnsimple (>= 0.0.0)
    rubygems-auth-proxy (>= 0.0.0)
    sensu (= 2.11.0)
    uchiwa (= 1.2.0)
  rubygems-shipit (0.0.56)
    apt (>= 0.0.0)
    chef_nginx (~> 3.0.0)
    git (>= 0.0.0)
    logrotate (>= 0.0.0)
    nodejs (>= 0.0.0)
    rubygems-people (>= 0.0.0)
    runit (>= 0.0.0)
    sudo (>= 0.0.0)
  rubygems-ssh (0.0.5)
    openssh (>= 0.0.0)
  rubygems-utility (0.0.10)
    apt (>= 0.0.0)
  runit (1.8.0)
    packagecloud (>= 0.0.0)
    yum-epel (>= 0.0.0)
  sensu (2.11.0)
    apt (>= 0.0.0)
    rabbitmq (>= 2.0.0)
    redisio (>= 1.7.0)
    windows (>= 1.8.8)
    yum (>= 0.0.0)
  seven_zip (2.0.2)
    windows (>= 1.2.2)
  sudo (2.7.2)
  uchiwa (1.2.0)
    apt (>= 0.0.0)
    yum (>= 0.0.0)
  ulimit (0.4.0)
  unicorn (2.1.2)
    build-essential (>= 0.0.0)
  user (0.5.1)
  windows (1.44.3)
    chef_handler (>= 0.0.0)
  xml (2.0.0)
    build-essential (>= 0.0.0)
    chef-sugar (>= 0.0.0)
  yum (3.11.0)
  yum-epel (0.7.1)
    yum (>= 3.6.3)
  yum-erlang_solutions (0.3.1)
    yum (~> 3.2)
    yum-epel (>= 0.0.0)
  zypper (0.3.0)
